
Microsoft Visual Studio Solution File, Format Version 12.00
# Visual Studio Version 16
VisualStudioVersion = 16.0.31424.327
MinimumVisualStudioVersion = 10.0.40219.1
Project("{8BC9CEB8-8B4A-11D0-8D11-00A0C91BC942}") = "Game", "Game\Game.vcxproj", "{376FBBB5-C469-4FB1-8949-46A73B1AE3E1}"
EndProject
Project("{8BC9CEB8-8B4A-11D0-8D11-00A0C91BC942}") = "Engine", "Engine\Engine.vcxproj", "{B0109FC7-2B75-47E6-BA59-F14267784611}"
EndProject
Global
	GlobalSection(SolutionConfigurationPlatforms) = preSolution
		Debug|x64 = Debug|x64
		Debug|x86 = Debug|x86
		Release|x64 = Release|x64
		Release|x86 = Release|x86
	EndGlobalSection
	GlobalSection(ProjectConfigurationPlatforms) = postSolution
		{376FBBB5-C469-4FB1-8949-46A73B1AE3E1}.Debug|x64.ActiveCfg = Debug|x64
		{376FBBB5-C469-4FB1-8949-46A73B1AE3E1}.Debug|x64.Build.0 = Debug|x64
		{376FBBB5-C469-4FB1-8949-46A73B1AE3E1}.Debug|x86.ActiveCfg = Debug|Win32
		{376FBBB5-C469-4FB1-8949-46A73B1AE3E1}.Debug|x86.Build.0 = Debug|Win32
		{376FBBB5-C469-4FB1-8949-46A73B1AE3E1}.Release|x64.ActiveCfg = Release|x64
		{376FBBB5-C469-4FB1-8949-46A73B1AE3E1}.Release|x64.Build.0 = Release|x64
		{376FBBB5-C469-4FB1-8949-46A73B1AE3E1}.Release|x86.ActiveCfg = Release|Win32
		{376FBBB5-C469-4FB1-8949-46A73B1AE3E1}.Release|x86.Build.0 = Release|Win32
		{B0109FC7-2B75-47E6-BA59-F14267784611}.Debug|x64.ActiveCfg = Debug|x64
		{B0109FC7-2B75-47E6-BA59-F14267784611}.Debug|x64.Build.0 = Debug|x64
		{B0109FC7-2B75-47E6-BA59-F14267784611}.Debug|x86.ActiveCfg = Debug|Win32
		{B0109FC7-2B75-47E6-BA59-F14267784611}.Debug|x86.Build.0 = Debug|Win32
		{B0109FC7-2B75-47E6-BA59-F14267784611}.Release|x64.ActiveCfg = Release|x64
		{B0109FC7-2B75-47E6-BA59-F14267784611}.Release|x64.Build.0 = Release|x64
		{B0109FC7-2B75-47E6-BA59-F14267784611}.Release|x86.ActiveCfg = Release|Win32
		{B0109FC7-2B75-47E6-BA59-F14267784611}.Release|x86.Build.0 = Release|Win32
	EndGlobalSection
	GlobalSection(SolutionProperties) = preSolution
		HideSolutionNode = FALSE
	EndGlobalSection
	GlobalSection(ExtensibilityGlobals) = postSolution
		SolutionGuid = {04AEB56E-9601-48D0-8AA4-002B30C44869}
	EndGlobalSection
EndGlobal
