<?xml version="1.0" encoding="utf-8"?>
<Project ToolsVersion="4.0" xmlns="http://schemas.microsoft.com/developer/msbuild/2003">
  <ItemGroup>
    <Filter Include="Resources">
      <UniqueIdentifier>{67DA6AB6-F800-4c08-8B7A-83BB121AAD01}</UniqueIdentifier>
      <Extensions>rc;ico;cur;bmp;dlg;rc2;rct;bin;rgs;gif;jpg;jpeg;jpe;resx;tiff;tif;png;wav;mfcribbon-ms</Extensions>
    </Filter>
    <Filter Include="Source">
      <UniqueIdentifier>{4FC737F1-C7A5-4376-A066-2A32D752A2FF}</UniqueIdentifier>
      <Extensions>cpp;c;cc;cxx;c++;cppm;ixx;def;odl;idl;hpj;bat;asm;asmx</Extensions>
    </Filter>
    <Filter Include="Source\Audio">
      <UniqueIdentifier>{d9b406a7-dfe8-4fe8-844d-eea3d3f0b01e}</UniqueIdentifier>
    </Filter>
    <Filter Include="Source\Core">
      <UniqueIdentifier>{c495a776-f183-4071-b1de-3aaf0c34d86f}</UniqueIdentifier>
    </Filter>
    <Filter Include="Source\Framework">
      <UniqueIdentifier>{b62bc6be-52a5-437d-a764-68b18e721134}</UniqueIdentifier>
    </Filter>
    <Filter Include="Source\Input">
      <UniqueIdentifier>{e178c0ef-b4a4-4be0-9da6-58ef970dc86c}</UniqueIdentifier>
    </Filter>
    <Filter Include="Source\Math">
      <UniqueIdentifier>{0c9b5eb8-31dc-4932-af48-ded353580240}</UniqueIdentifier>
    </Filter>
    <Filter Include="Source\Graphics">
      <UniqueIdentifier>{a67a4c7b-26ed-4d8d-b340-0a03d98bfedb}</UniqueIdentifier>
    </Filter>
    <Filter Include="Source\Object">
      <UniqueIdentifier>{7f456e79-72a0-4278-b17a-e0011cc458fb}</UniqueIdentifier>
    </Filter>
    <Filter Include="Source\Resource">
      <UniqueIdentifier>{ad16a5e6-9420-40c4-bc9a-b16926cc37eb}</UniqueIdentifier>
    </Filter>
  </ItemGroup>
  <ItemGroup>
    <ClCompile Include="Engine.cpp">
      <Filter>Source</Filter>
    </ClCompile>
    <ClCompile Include="Framework\EventSystem.cpp">
      <Filter>Source\Framework</Filter>
    </ClCompile>
    <ClCompile Include="Math\Color.cpp">
      <Filter>Source\Math</Filter>
    </ClCompile>
    <ClCompile Include="Math\Random.cpp">
      <Filter>Source\Math</Filter>
    </ClCompile>
    <ClCompile Include="Math\Transform.cpp">
      <Filter>Source\Math</Filter>
    </ClCompile>
    <ClCompile Include="Math\Vector2.cpp">
      <Filter>Source\Math</Filter>
    </ClCompile>
    <ClCompile Include="Object\Scene.cpp">
      <Filter>Source\Object</Filter>
    </ClCompile>
    <ClCompile Include="Object\Actor.cpp">
      <Filter>Source\Object</Filter>
    </ClCompile>
    <ClCompile Include="Resource\ResourseSystem.cpp">
      <Filter>Source\Resource</Filter>
    </ClCompile>
    <ClCompile Include="Core\FileSystem.cpp">
      <Filter>Source\Core</Filter>
    </ClCompile>
  </ItemGroup>
  <ItemGroup>
    <ClInclude Include="Framework\EventSystem.h">
      <Filter>Source\Framework</Filter>
    </ClInclude>
    <ClInclude Include="Framework\System.h">
      <Filter>Source\Framework</Filter>
    </ClInclude>
    <ClInclude Include="Math\Color.h">
      <Filter>Source\Math</Filter>
    </ClInclude>
    <ClInclude Include="Math\MathUtils.h">
      <Filter>Source\Math</Filter>
    </ClInclude>
    <ClInclude Include="Math\Matrix22.h">
      <Filter>Source\Math</Filter>
    </ClInclude>
    <ClInclude Include="Math\Matrix33.h">
      <Filter>Source\Math</Filter>
    </ClInclude>
    <ClInclude Include="Math\Random.h">
      <Filter>Source\Math</Filter>
    </ClInclude>
    <ClInclude Include="Math\Transform.h">
      <Filter>Source\Math</Filter>
    </ClInclude>
    <ClInclude Include="Math\Vector2.h">
      <Filter>Source\Math</Filter>
    </ClInclude>
    <ClInclude Include="Object\Object.h">
      <Filter>Source\Object</Filter>
    </ClInclude>
    <ClInclude Include="Object\Scene.h">
      <Filter>Source\Object</Filter>
    </ClInclude>
    <ClInclude Include="Object\Actor.h">
      <Filter>Source\Object</Filter>
    </ClInclude>
    <ClInclude Include="Resource\ResourseSystem.h">
      <Filter>Source\Resource</Filter>
    </ClInclude>
    <ClInclude Include="Engine.h">
      <Filter>Source</Filter>
    </ClInclude>
    <ClInclude Include="Core\FileSystem.h">
      <Filter>Source\Core</Filter>
    </ClInclude>
  </ItemGroup>
</Project>